PODS:
  - Sentry (6.0.12):
    - Sentry/Core (= 6.0.12)
  - Sentry/Core (6.0.12)

DEPENDENCIES:
  - Sentry (~> 6.0)

SPEC REPOS:
  https://github.com/CocoaPods/Specs.git:
    - Sentry

SPEC CHECKSUMS:
  Sentry: 8ffcfe3416e0a58b90bb1ae319e8e8a13022a03e

PODFILE CHECKSUM: 882084faea45437f394c4b2544c6fe5dfd74451c

COCOAPODS: 1.9.3
