// !$*UTF8*$!
{
	archiveVersion = 1;
	classes = {
	};
	objectVersion = 46;
	objects = {

/* Begin PBXBuildFile section */
		93050341346794D56404405D /* Pods_FasT_stats.framework in Frameworks */ = {isa = PBXBuildFile; fileRef = B97AE7462EDF782A84707A54 /* Pods_FasT_stats.framework */; };
		F03B237C1D02DC6C004AAFD4 /* LaunchScreen.xib in Resources */ = {isa = PBXBuildFile; fileRef = F03B237B1D02DC6C004AAFD4 /* LaunchScreen.xib */; };
		F03B237F1D02DF7D004AAFD4 /* SettingsTableViewController.m in Sources */ = {isa = PBXBuildFile; fileRef = F03B237E1D02DF7D004AAFD4 /* SettingsTableViewController.m */; };
		F046B1E023048D2400210548 /* Podfile in Resources */ = {isa = PBXBuildFile; fileRef = F046B1DF23048D2400210548 /* Podfile */; };
		F0E6C3991947E46B00957538 /* InfoPlist.strings in Resources */ = {isa = PBXBuildFile; fileRef = F0E6C39B1947E46B00957538 /* InfoPlist.strings */; };
		F0E6C39E1949130500957538 /* cash.aif in Resources */ = {isa = PBXBuildFile; fileRef = F0E6C39D1949130500957538 /* cash.aif */; };
		F0EC417819476F04002B8E63 /* Foundation.framework in Frameworks */ = {isa = PBXBuildFile; fileRef = F0EC417719476F04002B8E63 /* Foundation.framework */; };
		F0EC417A19476F04002B8E63 /* CoreGraphics.framework in Frameworks */ = {isa = PBXBuildFile; fileRef = F0EC417919476F04002B8E63 /* CoreGraphics.framework */; };
		F0EC417C19476F04002B8E63 /* UIKit.framework in Frameworks */ = {isa = PBXBuildFile; fileRef = F0EC417B19476F04002B8E63 /* UIKit.framework */; };
		F0EC418419476F04002B8E63 /* main.m in Sources */ = {isa = PBXBuildFile; fileRef = F0EC418319476F04002B8E63 /* main.m */; };
		F0EC418819476F04002B8E63 /* AppDelegate.m in Sources */ = {isa = PBXBuildFile; fileRef = F0EC418719476F04002B8E63 /* AppDelegate.m */; };
		F0EC418A19476F04002B8E63 /* Images.xcassets in Resources */ = {isa = PBXBuildFile; fileRef = F0EC418919476F04002B8E63 /* Images.xcassets */; };
		F0EC41A71947732F002B8E63 /* Storyboard.storyboard in Resources */ = {isa = PBXBuildFile; fileRef = F0EC41A61947732F002B8E63 /* Storyboard.storyboard */; };
		F0EC41CC1947DC52002B8E63 /* FasTApi.m in Sources */ = {isa = PBXBuildFile; fileRef = F0EC41CB1947DC52002B8E63 /* FasTApi.m */; };
/* End PBXBuildFile section */

/* Begin PBXFileReference section */
		2E2EBF571C665A9FD8DF26E9 /* Pods-FasT-stats.release.xcconfig */ = {isa = PBXFileReference; includeInIndex = 1; lastKnownFileType = text.xcconfig; name = "Pods-FasT-stats.release.xcconfig"; path = "Target Support Files/Pods-FasT-stats/Pods-FasT-stats.release.xcconfig"; sourceTree = "<group>"; };
		56DD3827F54CF02D74E8EB2E /* Pods-FasT-stats.debug.xcconfig */ = {isa = PBXFileReference; includeInIndex = 1; lastKnownFileType = text.xcconfig; name = "Pods-FasT-stats.debug.xcconfig"; path = "Target Support Files/Pods-FasT-stats/Pods-FasT-stats.debug.xcconfig"; sourceTree = "<group>"; };
		B97AE7462EDF782A84707A54 /* Pods_FasT_stats.framework */ = {isa = PBXFileReference; explicitFileType = wrapper.framework; includeInIndex = 0; path = Pods_FasT_stats.framework; sourceTree = BUILT_PRODUCTS_DIR; };
		F024791B230610D500B60243 /* debug.xcconfig */ = {isa = PBXFileReference; lastKnownFileType = text.xcconfig; path = debug.xcconfig; sourceTree = "<group>"; };
		F024791C230610EE00B60243 /* debug.local.xcconfig */ = {isa = PBXFileReference; fileEncoding = 4; lastKnownFileType = text.xcconfig; path = debug.local.xcconfig; sourceTree = "<group>"; };
		F024791E2306110F00B60243 /* release.xcconfig */ = {isa = PBXFileReference; lastKnownFileType = text.xcconfig; path = release.xcconfig; sourceTree = "<group>"; };
		F03B237B1D02DC6C004AAFD4 /* LaunchScreen.xib */ = {isa = PBXFileReference; fileEncoding = 4; lastKnownFileType = file.xib; path = LaunchScreen.xib; sourceTree = "<group>"; };
		F03B237D1D02DF7D004AAFD4 /* SettingsTableViewController.h */ = {isa = PBXFileReference; fileEncoding = 4; lastKnownFileType = sourcecode.c.h; path = SettingsTableViewController.h; sourceTree = "<group>"; };
		F03B237E1D02DF7D004AAFD4 /* SettingsTableViewController.m */ = {isa = PBXFileReference; fileEncoding = 4; lastKnownFileType = sourcecode.c.objc; path = SettingsTableViewController.m; sourceTree = "<group>"; };
		F046B1DF23048D2400210548 /* Podfile */ = {isa = PBXFileReference; lastKnownFileType = text; name = Podfile; path = ../Podfile; sourceTree = "<group>"; xcLanguageSpecificationIdentifier = xcode.lang.ruby; };
		F09A4DE71EE37E8900999DC3 /* FasT-stats.entitlements */ = {isa = PBXFileReference; lastKnownFileType = text.plist.entitlements; path = "FasT-stats.entitlements"; sourceTree = "<group>"; };
		F0E6C3951947E3B100957538 /* FasT-stats-Info.plist */ = {isa = PBXFileReference; fileEncoding = 4; lastKnownFileType = text.plist.xml; path = "FasT-stats-Info.plist"; sourceTree = "<group>"; };
		F0E6C39A1947E46B00957538 /* en */ = {isa = PBXFileReference; lastKnownFileType = text.plist.strings; name = en; path = en.lproj/InfoPlist.strings; sourceTree = "<group>"; };
		F0E6C39C1947E47500957538 /* de */ = {isa = PBXFileReference; lastKnownFileType = text.plist.strings; name = de; path = de.lproj/InfoPlist.strings; sourceTree = "<group>"; };
		F0E6C39D1949130500957538 /* cash.aif */ = {isa = PBXFileReference; lastKnownFileType = file; path = cash.aif; sourceTree = "<group>"; };
		F0EC417419476F04002B8E63 /* FasT-stats.app */ = {isa = PBXFileReference; explicitFileType = wrapper.application; includeInIndex = 0; path = "FasT-stats.app"; sourceTree = BUILT_PRODUCTS_DIR; };
		F0EC417719476F04002B8E63 /* Foundation.framework */ = {isa = PBXFileReference; lastKnownFileType = wrapper.framework; name = Foundation.framework; path = System/Library/Frameworks/Foundation.framework; sourceTree = SDKROOT; };
		F0EC417919476F04002B8E63 /* CoreGraphics.framework */ = {isa = PBXFileReference; lastKnownFileType = wrapper.framework; name = CoreGraphics.framework; path = System/Library/Frameworks/CoreGraphics.framework; sourceTree = SDKROOT; };
		F0EC417B19476F04002B8E63 /* UIKit.framework */ = {isa = PBXFileReference; lastKnownFileType = wrapper.framework; name = UIKit.framework; path = System/Library/Frameworks/UIKit.framework; sourceTree = SDKROOT; };
		F0EC418319476F04002B8E63 /* main.m */ = {isa = PBXFileReference; lastKnownFileType = sourcecode.c.objc; path = main.m; sourceTree = "<group>"; };
		F0EC418519476F04002B8E63 /* FasT-stats-Prefix.pch */ = {isa = PBXFileReference; lastKnownFileType = sourcecode.c.h; path = "FasT-stats-Prefix.pch"; sourceTree = "<group>"; };
		F0EC418619476F04002B8E63 /* AppDelegate.h */ = {isa = PBXFileReference; lastKnownFileType = sourcecode.c.h; path = AppDelegate.h; sourceTree = "<group>"; };
		F0EC418719476F04002B8E63 /* AppDelegate.m */ = {isa = PBXFileReference; lastKnownFileType = sourcecode.c.objc; path = AppDelegate.m; sourceTree = "<group>"; };
		F0EC418919476F04002B8E63 /* Images.xcassets */ = {isa = PBXFileReference; lastKnownFileType = folder.assetcatalog; path = Images.xcassets; sourceTree = "<group>"; };
		F0EC41A61947732F002B8E63 /* Storyboard.storyboard */ = {isa = PBXFileReference; fileEncoding = 4; lastKnownFileType = file.storyboard; path = Storyboard.storyboard; sourceTree = "<group>"; };
		F0EC41CA1947DC52002B8E63 /* FasTApi.h */ = {isa = PBXFileReference; fileEncoding = 4; lastKnownFileType = sourcecode.c.h; path = FasTApi.h; sourceTree = "<group>"; };
		F0EC41CB1947DC52002B8E63 /* FasTApi.m */ = {isa = PBXFileReference; fileEncoding = 4; lastKnownFileType = sourcecode.c.objc; path = FasTApi.m; sourceTree = "<group>"; };
/* End PBXFileReference section */

/* Begin PBXFrameworksBuildPhase section */
		F0EC417119476F04002B8E63 /* Frameworks */ = {
			isa = PBXFrameworksBuildPhase;
			buildActionMask = 2147483647;
			files = (
				F0EC417A19476F04002B8E63 /* CoreGraphics.framework in Frameworks */,
				F0EC417C19476F04002B8E63 /* UIKit.framework in Frameworks */,
				F0EC417819476F04002B8E63 /* Foundation.framework in Frameworks */,
				93050341346794D56404405D /* Pods_FasT_stats.framework in Frameworks */,
			);
			runOnlyForDeploymentPostprocessing = 0;
		};
/* End PBXFrameworksBuildPhase section */

/* Begin PBXGroup section */
		790F719DE247EE104A9C9A16 /* Pods */ = {
			isa = PBXGroup;
			children = (
				56DD3827F54CF02D74E8EB2E /* Pods-FasT-stats.debug.xcconfig */,
				2E2EBF571C665A9FD8DF26E9 /* Pods-FasT-stats.release.xcconfig */,
			);
			path = Pods;
			sourceTree = "<group>";
		};
		F024791A230610AD00B60243 /* config */ = {
			isa = PBXGroup;
			children = (
				F024791B230610D500B60243 /* debug.xcconfig */,
				F024791C230610EE00B60243 /* debug.local.xcconfig */,
				F024791E2306110F00B60243 /* release.xcconfig */,
			);
			path = config;
			sourceTree = "<group>";
		};
		F0E6C39F1949133400957538 /* assets */ = {
			isa = PBXGroup;
			children = (
				F0EC418919476F04002B8E63 /* Images.xcassets */,
				F0E6C39D1949130500957538 /* cash.aif */,
			);
			name = assets;
			sourceTree = "<group>";
		};
		F0EC416B19476F04002B8E63 = {
			isa = PBXGroup;
			children = (
				F0EC417D19476F04002B8E63 /* FasT-stats */,
				F0EC417619476F04002B8E63 /* Frameworks */,
				F0EC417519476F04002B8E63 /* Products */,
				790F719DE247EE104A9C9A16 /* Pods */,
			);
			sourceTree = "<group>";
		};
		F0EC417519476F04002B8E63 /* Products */ = {
			isa = PBXGroup;
			children = (
				F0EC417419476F04002B8E63 /* FasT-stats.app */,
			);
			name = Products;
			sourceTree = "<group>";
		};
		F0EC417619476F04002B8E63 /* Frameworks */ = {
			isa = PBXGroup;
			children = (
				F0EC417719476F04002B8E63 /* Foundation.framework */,
				F0EC417919476F04002B8E63 /* CoreGraphics.framework */,
				F0EC417B19476F04002B8E63 /* UIKit.framework */,
				B97AE7462EDF782A84707A54 /* Pods_FasT_stats.framework */,
			);
			name = Frameworks;
			sourceTree = "<group>";
		};
		F0EC417D19476F04002B8E63 /* FasT-stats */ = {
			isa = PBXGroup;
			children = (
				F0EC418619476F04002B8E63 /* AppDelegate.h */,
				F0EC418719476F04002B8E63 /* AppDelegate.m */,
				F0EC41CA1947DC52002B8E63 /* FasTApi.h */,
				F0EC41CB1947DC52002B8E63 /* FasTApi.m */,
				F03B237D1D02DF7D004AAFD4 /* SettingsTableViewController.h */,
				F03B237E1D02DF7D004AAFD4 /* SettingsTableViewController.m */,
				F0EC41A61947732F002B8E63 /* Storyboard.storyboard */,
				F03B237B1D02DC6C004AAFD4 /* LaunchScreen.xib */,
				F09A4DE71EE37E8900999DC3 /* FasT-stats.entitlements */,
				F0E6C39F1949133400957538 /* assets */,
				F0EC417E19476F04002B8E63 /* Supporting Files */,
			);
			path = "FasT-stats";
			sourceTree = "<group>";
		};
		F0EC417E19476F04002B8E63 /* Supporting Files */ = {
			isa = PBXGroup;
			children = (
				F024791A230610AD00B60243 /* config */,
				F0EC418319476F04002B8E63 /* main.m */,
				F0E6C3951947E3B100957538 /* FasT-stats-Info.plist */,
				F0EC418519476F04002B8E63 /* FasT-stats-Prefix.pch */,
				F0E6C39B1947E46B00957538 /* InfoPlist.strings */,
				F046B1DF23048D2400210548 /* Podfile */,
			);
			name = "Supporting Files";
			sourceTree = "<group>";
		};
/* End PBXGroup section */

/* Begin PBXNativeTarget section */
		F0EC417319476F04002B8E63 /* FasT-stats */ = {
			isa = PBXNativeTarget;
			buildConfigurationList = F0EC41A019476F04002B8E63 /* Build configuration list for PBXNativeTarget "FasT-stats" */;
			buildPhases = (
				4248C82FCEC5F32B9889DB35 /* [CP] Check Pods Manifest.lock */,
				F0EC417019476F04002B8E63 /* Sources */,
				F0EC417119476F04002B8E63 /* Frameworks */,
				F0EC417219476F04002B8E63 /* Resources */,
				C1326EA32034E4F130968C96 /* [CP] Embed Pods Frameworks */,
			);
			buildRules = (
			);
			dependencies = (
			);
			name = "FasT-stats";
			productName = "FasT-stats";
			productReference = F0EC417419476F04002B8E63 /* FasT-stats.app */;
			productType = "com.apple.product-type.application";
		};
/* End PBXNativeTarget section */

/* Begin PBXProject section */
		F0EC416C19476F04002B8E63 /* Project object */ = {
			isa = PBXProject;
			attributes = {
				LastUpgradeCheck = 1110;
				ORGANIZATIONNAME = Albisigns;
				TargetAttributes = {
					F0EC417319476F04002B8E63 = {
						DevelopmentTeam = V48L6BF6M3;
						SystemCapabilities = {
							com.apple.Push = {
								enabled = 1;
							};
						};
					};
				};
			};
			buildConfigurationList = F0EC416F19476F04002B8E63 /* Build configuration list for PBXProject "FasT-stats" */;
			compatibilityVersion = "Xcode 3.2";
			developmentRegion = English;
			hasScannedForEncodings = 0;
			knownRegions = (
				English,
				en,
				de,
			);
			mainGroup = F0EC416B19476F04002B8E63;
			productRefGroup = F0EC417519476F04002B8E63 /* Products */;
			projectDirPath = "";
			projectRoot = "";
			targets = (
				F0EC417319476F04002B8E63 /* FasT-stats */,
			);
		};
/* End PBXProject section */

/* Begin PBXResourcesBuildPhase section */
		F0EC417219476F04002B8E63 /* Resources */ = {
			isa = PBXResourcesBuildPhase;
			buildActionMask = 2147483647;
			files = (
				F046B1E023048D2400210548 /* Podfile in Resources */,
				F03B237C1D02DC6C004AAFD4 /* LaunchScreen.xib in Resources */,
				F0EC418A19476F04002B8E63 /* Images.xcassets in Resources */,
				F0E6C39E1949130500957538 /* cash.aif in Resources */,
				F0E6C3991947E46B00957538 /* InfoPlist.strings in Resources */,
				F0EC41A71947732F002B8E63 /* Storyboard.storyboard in Resources */,
			);
			runOnlyForDeploymentPostprocessing = 0;
		};
/* End PBXResourcesBuildPhase section */

/* Begin PBXShellScriptBuildPhase section */
		4248C82FCEC5F32B9889DB35 /* [CP] Check Pods Manifest.lock */ = {
			isa = PBXShellScriptBuildPhase;
			buildActionMask = 2147483647;
			files = (
			);
			inputFileListPaths = (
			);
			inputPaths = (
				"${PODS_PODFILE_DIR_PATH}/Podfile.lock",
				"${PODS_ROOT}/Manifest.lock",
			);
			name = "[CP] Check Pods Manifest.lock";
			outputFileListPaths = (
			);
			outputPaths = (
				"$(DERIVED_FILE_DIR)/Pods-FasT-stats-checkManifestLockResult.txt",
			);
			runOnlyForDeploymentPostprocessing = 0;
			shellPath = /bin/sh;
			shellScript = "diff \"${PODS_PODFILE_DIR_PATH}/Podfile.lock\" \"${PODS_ROOT}/Manifest.lock\" > /dev/null\nif [ $? != 0 ] ; then\n    # print error to STDERR\n    echo \"error: The sandbox is not in sync with the Podfile.lock. Run 'pod install' or update your CocoaPods installation.\" >&2\n    exit 1\nfi\n# This output is used by Xcode 'outputs' to avoid re-running this script phase.\necho \"SUCCESS\" > \"${SCRIPT_OUTPUT_FILE_0}\"\n";
			showEnvVarsInLog = 0;
		};
		C1326EA32034E4F130968C96 /* [CP] Embed Pods Frameworks */ = {
			isa = PBXShellScriptBuildPhase;
			buildActionMask = 2147483647;
			files = (
			);
			inputPaths = (
				"${PODS_ROOT}/Target Support Files/Pods-FasT-stats/Pods-FasT-stats-frameworks.sh",
				"${BUILT_PRODUCTS_DIR}/AFNetworking/AFNetworking.framework",
				"${BUILT_PRODUCTS_DIR}/Sentry/Sentry.framework",
			);
			name = "[CP] Embed Pods Frameworks";
			outputPaths = (
				"${TARGET_BUILD_DIR}/${FRAMEWORKS_FOLDER_PATH}/AFNetworking.framework",
				"${TARGET_BUILD_DIR}/${FRAMEWORKS_FOLDER_PATH}/Sentry.framework",
			);
			runOnlyForDeploymentPostprocessing = 0;
			shellPath = /bin/sh;
			shellScript = "\"${PODS_ROOT}/Target Support Files/Pods-FasT-stats/Pods-FasT-stats-frameworks.sh\"\n";
			showEnvVarsInLog = 0;
		};
/* End PBXShellScriptBuildPhase section */

/* Begin PBXSourcesBuildPhase section */
		F0EC417019476F04002B8E63 /* Sources */ = {
			isa = PBXSourcesBuildPhase;
			buildActionMask = 2147483647;
			files = (
				F03B237F1D02DF7D004AAFD4 /* SettingsTableViewController.m in Sources */,
				F0EC418419476F04002B8E63 /* main.m in Sources */,
				F0EC418819476F04002B8E63 /* AppDelegate.m in Sources */,
				F0EC41CC1947DC52002B8E63 /* FasTApi.m in Sources */,
			);
			runOnlyForDeploymentPostprocessing = 0;
		};
/* End PBXSourcesBuildPhase section */

/* Begin PBXVariantGroup section */
		F0E6C39B1947E46B00957538 /* InfoPlist.strings */ = {
			isa = PBXVariantGroup;
			children = (
				F0E6C39A1947E46B00957538 /* en */,
				F0E6C39C1947E47500957538 /* de */,
			);
			name = InfoPlist.strings;
			path = ..;
			sourceTree = "<group>";
		};
/* End PBXVariantGroup section */

/* Begin XCBuildConfiguration section */
		F0EC419E19476F04002B8E63 /* Debug */ = {
			isa = XCBuildConfiguration;
			baseConfigurationReference = F024791B230610D500B60243 /* debug.xcconfig */;
			buildSettings = {
				ALWAYS_SEARCH_USER_PATHS = NO;
				CLANG_ANALYZER_LOCALIZABILITY_NONLOCALIZED = YES;
				CLANG_CXX_LANGUAGE_STANDARD = "gnu++0x";
				CLANG_CXX_LIBRARY = "libc++";
				CLANG_ENABLE_MODULES = YES;
				CLANG_ENABLE_OBJC_ARC = YES;
				CLANG_WARN_BLOCK_CAPTURE_AUTORELEASING = YES;
				CLANG_WARN_BOOL_CONVERSION = YES;
				CLANG_WARN_COMMA = YES;
				CLANG_WARN_CONSTANT_CONVERSION = YES;
				CLANG_WARN_DEPRECATED_OBJC_IMPLEMENTATIONS = YES;
				CLANG_WARN_DIRECT_OBJC_ISA_USAGE = YES_ERROR;
				CLANG_WARN_EMPTY_BODY = YES;
				CLANG_WARN_ENUM_CONVERSION = YES;
				CLANG_WARN_INFINITE_RECURSION = YES;
				CLANG_WARN_INT_CONVERSION = YES;
				CLANG_WARN_NON_LITERAL_NULL_CONVERSION = YES;
				CLANG_WARN_OBJC_IMPLICIT_RETAIN_SELF = YES;
				CLANG_WARN_OBJC_LITERAL_CONVERSION = YES;
				CLANG_WARN_OBJC_ROOT_CLASS = YES_ERROR;
				CLANG_WARN_RANGE_LOOP_ANALYSIS = YES;
				CLANG_WARN_STRICT_PROTOTYPES = YES;
				CLANG_WARN_SUSPICIOUS_MOVE = YES;
				CLANG_WARN_UNREACHABLE_CODE = YES;
				CLANG_WARN__DUPLICATE_METHOD_MATCH = YES;
				"CODE_SIGN_IDENTITY[sdk=iphoneos*]" = "iPhone Developer";
				COPY_PHASE_STRIP = NO;
				ENABLE_STRICT_OBJC_MSGSEND = YES;
				ENABLE_TESTABILITY = YES;
				GCC_C_LANGUAGE_STANDARD = gnu99;
				GCC_DYNAMIC_NO_PIC = NO;
				GCC_NO_COMMON_BLOCKS = YES;
				GCC_OPTIMIZATION_LEVEL = 0;
				GCC_PREPROCESSOR_DEFINITIONS = (
					"DEBUG=1",
					"API_HOST=@\\\"$(API_HOST)\\\"",
					"$(inherited)",
				);
				GCC_SYMBOLS_PRIVATE_EXTERN = NO;
				GCC_WARN_64_TO_32_BIT_CONVERSION = YES;
				GCC_WARN_ABOUT_RETURN_TYPE = YES_ERROR;
				GCC_WARN_UNDECLARED_SELECTOR = YES;
				GCC_WARN_UNINITIALIZED_AUTOS = YES_AGGRESSIVE;
				GCC_WARN_UNUSED_FUNCTION = YES;
				GCC_WARN_UNUSED_VARIABLE = YES;
				IPHONEOS_DEPLOYMENT_TARGET = 10.0;
				ONLY_ACTIVE_ARCH = YES;
				PROVISIONING_PROFILE = "4c47b5b9-8f25-4cd0-842b-aca7a439863c";
				SDKROOT = iphoneos;
				TARGETED_DEVICE_FAMILY = "1,2";
			};
			name = Debug;
		};
		F0EC419F19476F04002B8E63 /* Release */ = {
			isa = XCBuildConfiguration;
			baseConfigurationReference = F024791E2306110F00B60243 /* release.xcconfig */;
			buildSettings = {
				ALWAYS_SEARCH_USER_PATHS = NO;
				CLANG_ANALYZER_LOCALIZABILITY_NONLOCALIZED = YES;
				CLANG_CXX_LANGUAGE_STANDARD = "gnu++0x";
				CLANG_CXX_LIBRARY = "libc++";
				CLANG_ENABLE_MODULES = YES;
				CLANG_ENABLE_OBJC_ARC = YES;
				CLANG_WARN_BLOCK_CAPTURE_AUTORELEASING = YES;
				CLANG_WARN_BOOL_CONVERSION = YES;
				CLANG_WARN_COMMA = YES;
				CLANG_WARN_CONSTANT_CONVERSION = YES;
				CLANG_WARN_DEPRECATED_OBJC_IMPLEMENTATIONS = YES;
				CLANG_WARN_DIRECT_OBJC_ISA_USAGE = YES_ERROR;
				CLANG_WARN_EMPTY_BODY = YES;
				CLANG_WARN_ENUM_CONVERSION = YES;
				CLANG_WARN_INFINITE_RECURSION = YES;
				CLANG_WARN_INT_CONVERSION = YES;
				CLANG_WARN_NON_LITERAL_NULL_CONVERSION = YES;
				CLANG_WARN_OBJC_IMPLICIT_RETAIN_SELF = YES;
				CLANG_WARN_OBJC_LITERAL_CONVERSION = YES;
				CLANG_WARN_OBJC_ROOT_CLASS = YES_ERROR;
				CLANG_WARN_RANGE_LOOP_ANALYSIS = YES;
				CLANG_WARN_STRICT_PROTOTYPES = YES;
				CLANG_WARN_SUSPICIOUS_MOVE = YES;
				CLANG_WARN_UNREACHABLE_CODE = YES;
				CLANG_WARN__DUPLICATE_METHOD_MATCH = YES;
				"CODE_SIGN_IDENTITY[sdk=iphoneos*]" = "iPhone Distribution";
				COPY_PHASE_STRIP = YES;
				ENABLE_NS_ASSERTIONS = NO;
				ENABLE_STRICT_OBJC_MSGSEND = YES;
				GCC_C_LANGUAGE_STANDARD = gnu99;
				GCC_NO_COMMON_BLOCKS = YES;
				GCC_PREPROCESSOR_DEFINITIONS = "API_HOST=@\\\"$(API_HOST)\\\"";
				GCC_WARN_64_TO_32_BIT_CONVERSION = YES;
				GCC_WARN_ABOUT_RETURN_TYPE = YES_ERROR;
				GCC_WARN_UNDECLARED_SELECTOR = YES;
				GCC_WARN_UNINITIALIZED_AUTOS = YES_AGGRESSIVE;
				GCC_WARN_UNUSED_FUNCTION = YES;
				GCC_WARN_UNUSED_VARIABLE = YES;
				IPHONEOS_DEPLOYMENT_TARGET = 10.0;
				PROVISIONING_PROFILE = "1ff2ff87-fcdc-4b11-a6f0-df98b82510ec";
				SDKROOT = iphoneos;
				TARGETED_DEVICE_FAMILY = "1,2";
				VALIDATE_PRODUCT = YES;
			};
			name = Release;
		};
		F0EC41A119476F04002B8E63 /* Debug */ = {
			isa = XCBuildConfiguration;
			baseConfigurationReference = 56DD3827F54CF02D74E8EB2E /* Pods-FasT-stats.debug.xcconfig */;
			buildSettings = {
				ASSETCATALOG_COMPILER_APPICON_NAME = AppIcon;
				ASSETCATALOG_COMPILER_LAUNCHIMAGE_NAME = "";
				CLANG_ENABLE_OBJC_ARC = NO;
				CLANG_ENABLE_OBJC_WEAK = YES;
				CODE_SIGN_ENTITLEMENTS = "FasT-stats/FasT-stats.entitlements";
				CODE_SIGN_IDENTITY = "Apple Development: Albrecht Oster (G4EE2T3YYQ)";
				"CODE_SIGN_IDENTITY[sdk=iphoneos*]" = "Apple Development: Albrecht Oster (G4EE2T3YYQ)";
				CURRENT_PROJECT_VERSION = 18;
				DEVELOPMENT_TEAM = V48L6BF6M3;
				GCC_PRECOMPILE_PREFIX_HEADER = YES;
				GCC_PREFIX_HEADER = "FasT-stats/FasT-stats-Prefix.pch";
				GCC_PREPROCESSOR_DEFINITIONS = (
					"DEBUG=1",
					"FAST_API_URL=\\@\\\"ao-imac.local:4000\\\"",
					"$(inherited)",
				);
				INFOPLIST_FILE = "FasT-stats/FasT-stats-Info.plist";
				IPHONEOS_DEPLOYMENT_TARGET = 10.0;
				MARKETING_VERSION = 1.1.6;
				PRODUCT_BUNDLE_IDENTIFIER = "de.theater-kaisersesch.stats";
				PRODUCT_NAME = "$(TARGET_NAME)";
				PROVISIONING_PROFILE = "23e0d7ec-8758-4762-af62-49097120fb82";
				PROVISIONING_PROFILE_SPECIFIER = "FasT Stats Dev";
				TARGETED_DEVICE_FAMILY = 1;
				WRAPPER_EXTENSION = app;
			};
			name = Debug;
		};
		F0EC41A219476F04002B8E63 /* Release */ = {
			isa = XCBuildConfiguration;
			baseConfigurationReference = 2E2EBF571C665A9FD8DF26E9 /* Pods-FasT-stats.release.xcconfig */;
			buildSettings = {
				ASSETCATALOG_COMPILER_APPICON_NAME = AppIcon;
				ASSETCATALOG_COMPILER_LAUNCHIMAGE_NAME = "";
				CLANG_ENABLE_OBJC_ARC = NO;
				CLANG_ENABLE_OBJC_WEAK = YES;
				CODE_SIGN_ENTITLEMENTS = "FasT-stats/FasT-stats.entitlements";
				CODE_SIGN_IDENTITY = "Apple Distribution: Albrecht Oster (V48L6BF6M3)";
				"CODE_SIGN_IDENTITY[sdk=iphoneos*]" = "Apple Distribution: Albrecht Oster (V48L6BF6M3)";
				CURRENT_PROJECT_VERSION = 18;
				DEVELOPMENT_TEAM = V48L6BF6M3;
				GCC_PRECOMPILE_PREFIX_HEADER = YES;
				GCC_PREFIX_HEADER = "FasT-stats/FasT-stats-Prefix.pch";
				INFOPLIST_FILE = "FasT-stats/FasT-stats-Info.plist";
				IPHONEOS_DEPLOYMENT_TARGET = 10.0;
				MARKETING_VERSION = 1.1.6;
				PRODUCT_BUNDLE_IDENTIFIER = "de.theater-kaisersesch.stats";
				PRODUCT_NAME = "$(TARGET_NAME)";
				PROVISIONING_PROFILE = "581b45d2-98eb-41f2-9a9e-5e75a6adc1d5";
				PROVISIONING_PROFILE_SPECIFIER = "FasT Stats Adhoc";
				TARGETED_DEVICE_FAMILY = 1;
				WRAPPER_EXTENSION = app;
			};
			name = Release;
		};
/* End XCBuildConfiguration section */

/* Begin XCConfigurationList section */
		F0EC416F19476F04002B8E63 /* Build configuration list for PBXProject "FasT-stats" */ = {
			isa = XCConfigurationList;
			buildConfigurations = (
				F0EC419E19476F04002B8E63 /* Debug */,
				F0EC419F19476F04002B8E63 /* Release */,
			);
			defaultConfigurationIsVisible = 0;
			defaultConfigurationName = Release;
		};
		F0EC41A019476F04002B8E63 /* Build configuration list for PBXNativeTarget "FasT-stats" */ = {
			isa = XCConfigurationList;
			buildConfigurations = (
				F0EC41A119476F04002B8E63 /* Debug */,
				F0EC41A219476F04002B8E63 /* Release */,
			);
			defaultConfigurationIsVisible = 0;
			defaultConfigurationName = Release;
		};
/* End XCConfigurationList section */
	};
	rootObject = F0EC416C19476F04002B8E63 /* Project object */;
}
